
Microsoft Visual Studio Solution File, Format Version 12.00
# Visual Studio Version 17
VisualStudioVersion = 17.11.35312.102
MinimumVisualStudioVersion = 10.0.40219.1
Project("{FAE04EC0-301F-11D3-BF4B-00C04F79EFBC}") = "ControlInventario", "ControlInventario\ControlInventario.csproj", "{AE5CA75A-988A-4FA7-B2CB-069319AC1C80}"
EndProject
Global
	GlobalSection(SolutionConfigurationPlatforms) = preSolution
		Debug|Any CPU = Debug|Any CPU
		Release|Any CPU = Release|Any CPU
	EndGlobalSection
	GlobalSection(ProjectConfigurationPlatforms) = postSolution
		{AE5CA75A-988A-4FA7-B2CB-069319AC1C80}.Debug|Any CPU.ActiveCfg = Debug|Any CPU
		{AE5CA75A-988A-4FA7-B2CB-069319AC1C80}.Debug|Any CPU.Build.0 = Debug|Any CPU
		{AE5CA75A-988A-4FA7-B2CB-069319AC1C80}.Release|Any CPU.ActiveCfg = Release|Any CPU
		{AE5CA75A-988A-4FA7-B2CB-069319AC1C80}.Release|Any CPU.Build.0 = Release|Any CPU
	EndGlobalSection
	GlobalSection(SolutionProperties) = preSolution
		HideSolutionNode = FALSE
	EndGlobalSection
	GlobalSection(ExtensibilityGlobals) = postSolution
		SolutionGuid = {080D5453-2A55-4454-B733-A9AA8BDB4067}
	EndGlobalSection
EndGlobal
